// !$*UTF8*$!
{
	archiveVersion = 1;
	classes = {
	};
	objectVersion = 46;
	objects = {

/* Begin PBXBuildFile section */
		655AC43F71954862E81F8720 /* Pods_MakeMeHandwriting.framework in Frameworks */ = {isa = PBXBuildFile; fileRef = 306863FE0D519FC61C1B08E9 /* Pods_MakeMeHandwriting.framework */; };
		79ADF27B1E237EC300394E82 /* AppDelegate.swift in Sources */ = {isa = PBXBuildFile; fileRef = 79ADF27A1E237EC300394E82 /* AppDelegate.swift */; };
		79ADF27D1E237EC300394E82 /* ViewController.swift in Sources */ = {isa = PBXBuildFile; fileRef = 79ADF27C1E237EC300394E82 /* ViewController.swift */; };
		79ADF2801E237EC300394E82 /* Main.storyboard in Resources */ = {isa = PBXBuildFile; fileRef = 79ADF27E1E237EC300394E82 /* Main.storyboard */; };
		79ADF2831E237EC300394E82 /* MakeMeHandwriting.xcdatamodeld in Sources */ = {isa = PBXBuildFile; fileRef = 79ADF2811E237EC300394E82 /* MakeMeHandwriting.xcdatamodeld */; };
		79ADF2851E237EC300394E82 /* Assets.xcassets in Resources */ = {isa = PBXBuildFile; fileRef = 79ADF2841E237EC300394E82 /* Assets.xcassets */; };
		79ADF2881E237EC300394E82 /* LaunchScreen.storyboard in Resources */ = {isa = PBXBuildFile; fileRef = 79ADF2861E237EC300394E82 /* LaunchScreen.storyboard */; };
/* End PBXBuildFile section */

/* Begin PBXFileReference section */
		306863FE0D519FC61C1B08E9 /* Pods_MakeMeHandwriting.framework */ = {isa = PBXFileReference; explicitFileType = wrapper.framework; includeInIndex = 0; path = Pods_MakeMeHandwriting.framework; sourceTree = BUILT_PRODUCTS_DIR; };
		79ADF2771E237EC300394E82 /* MakeMeHandwriting.app */ = {isa = PBXFileReference; explicitFileType = wrapper.application; includeInIndex = 0; path = MakeMeHandwriting.app; sourceTree = BUILT_PRODUCTS_DIR; };
		79ADF27A1E237EC300394E82 /* AppDelegate.swift */ = {isa = PBXFileReference; lastKnownFileType = sourcecode.swift; path = AppDelegate.swift; sourceTree = "<group>"; };
		79ADF27C1E237EC300394E82 /* ViewController.swift */ = {isa = PBXFileReference; lastKnownFileType = sourcecode.swift; path = ViewController.swift; sourceTree = "<group>"; };
		79ADF27F1E237EC300394E82 /* Base */ = {isa = PBXFileReference; lastKnownFileType = file.storyboard; name = Base; path = Base.lproj/Main.storyboard; sourceTree = "<group>"; };
		79ADF2821E237EC300394E82 /* MakeMeHandwriting.xcdatamodel */ = {isa = PBXFileReference; lastKnownFileType = wrapper.xcdatamodel; path = MakeMeHandwriting.xcdatamodel; sourceTree = "<group>"; };
		79ADF2841E237EC300394E82 /* Assets.xcassets */ = {isa = PBXFileReference; lastKnownFileType = folder.assetcatalog; path = Assets.xcassets; sourceTree = "<group>"; };
		79ADF2871E237EC300394E82 /* Base */ = {isa = PBXFileReference; lastKnownFileType = file.storyboard; name = Base; path = Base.lproj/LaunchScreen.storyboard; sourceTree = "<group>"; };
		79ADF2891E237EC300394E82 /* Info.plist */ = {isa = PBXFileReference; lastKnownFileType = text.plist.xml; path = Info.plist; sourceTree = "<group>"; };
		D4BEE5FEDE8BAA7F0A306C23 /* Pods-MakeMeHandwriting.debug.xcconfig */ = {isa = PBXFileReference; includeInIndex = 1; lastKnownFileType = text.xcconfig; name = "Pods-MakeMeHandwriting.debug.xcconfig"; path = "Pods/Target Support Files/Pods-MakeMeHandwriting/Pods-MakeMeHandwriting.debug.xcconfig"; sourceTree = "<group>"; };
		DCB14DA929705B88B91C3977 /* Pods-MakeMeHandwriting.release.xcconfig */ = {isa = PBXFileReference; includeInIndex = 1; lastKnownFileType = text.xcconfig; name = "Pods-MakeMeHandwriting.release.xcconfig"; path = "Pods/Target Support Files/Pods-MakeMeHandwriting/Pods-MakeMeHandwriting.release.xcconfig"; sourceTree = "<group>"; };
/* End PBXFileReference section */

/* Begin PBXFrameworksBuildPhase section */
		79ADF2741E237EC300394E82 /* Frameworks */ = {
			isa = PBXFrameworksBuildPhase;
			buildActionMask = 2147483647;
			files = (
				655AC43F71954862E81F8720 /* Pods_MakeMeHandwriting.framework in Frameworks */,
			);
			runOnlyForDeploymentPostprocessing = 0;
		};
/* End PBXFrameworksBuildPhase section */

/* Begin PBXGroup section */
		411DBE14F52D9FF6987FA235 /* Frameworks */ = {
			isa = PBXGroup;
			children = (
				306863FE0D519FC61C1B08E9 /* Pods_MakeMeHandwriting.framework */,
			);
			name = Frameworks;
			sourceTree = "<group>";
		};
		72BCD2D7CA20A8429FA69E9F /* Pods */ = {
			isa = PBXGroup;
			children = (
				D4BEE5FEDE8BAA7F0A306C23 /* Pods-MakeMeHandwriting.debug.xcconfig */,
				DCB14DA929705B88B91C3977 /* Pods-MakeMeHandwriting.release.xcconfig */,
			);
			name = Pods;
			sourceTree = "<group>";
		};
		79ADF26E1E237EC300394E82 = {
			isa = PBXGroup;
			children = (
				79ADF2791E237EC300394E82 /* MakeMeHandwriting */,
				79ADF2781E237EC300394E82 /* Products */,
				72BCD2D7CA20A8429FA69E9F /* Pods */,
				411DBE14F52D9FF6987FA235 /* Frameworks */,
			);
			sourceTree = "<group>";
		};
		79ADF2781E237EC300394E82 /* Products */ = {
			isa = PBXGroup;
			children = (
				79ADF2771E237EC300394E82 /* MakeMeHandwriting.app */,
			);
			name = Products;
			sourceTree = "<group>";
		};
		79ADF2791E237EC300394E82 /* MakeMeHandwriting */ = {
			isa = PBXGroup;
			children = (
				79ADF27A1E237EC300394E82 /* AppDelegate.swift */,
				79ADF27C1E237EC300394E82 /* ViewController.swift */,
				79ADF27E1E237EC300394E82 /* Main.storyboard */,
				79ADF2841E237EC300394E82 /* Assets.xcassets */,
				79ADF2861E237EC300394E82 /* LaunchScreen.storyboard */,
				79ADF2891E237EC300394E82 /* Info.plist */,
				79ADF2811E237EC300394E82 /* MakeMeHandwriting.xcdatamodeld */,
			);
			path = MakeMeHandwriting;
			sourceTree = "<group>";
		};
/* End PBXGroup section */

/* Begin PBXNativeTarget section */
		79ADF2761E237EC300394E82 /* MakeMeHandwriting */ = {
			isa = PBXNativeTarget;
			buildConfigurationList = 79ADF28C1E237EC300394E82 /* Build configuration list for PBXNativeTarget "MakeMeHandwriting" */;
			buildPhases = (
				642DAEEC2FC8332B28D3F465 /* [CP] Check Pods Manifest.lock */,
				79ADF2731E237EC300394E82 /* Sources */,
				79ADF2741E237EC300394E82 /* Frameworks */,
				79ADF2751E237EC300394E82 /* Resources */,
				FA1549AE4BEFAE6150AE0B50 /* [CP] Embed Pods Frameworks */,
				CAB7FA094E400D4DDD1A7335 /* [CP] Copy Pods Resources */,
			);
			buildRules = (
			);
			dependencies = (
			);
			name = MakeMeHandwriting;
			productName = MakeMeHandwriting;
			productReference = 79ADF2771E237EC300394E82 /* MakeMeHandwriting.app */;
			productType = "com.apple.product-type.application";
		};
/* End PBXNativeTarget section */

/* Begin PBXProject section */
		79ADF26F1E237EC300394E82 /* Project object */ = {
			isa = PBXProject;
			attributes = {
				LastSwiftUpdateCheck = 0820;
				LastUpgradeCheck = 0820;
				ORGANIZATIONNAME = AHUGON;
				TargetAttributes = {
					79ADF2761E237EC300394E82 = {
						CreatedOnToolsVersion = 8.2.1;
						ProvisioningStyle = Automatic;
					};
				};
			};
			buildConfigurationList = 79ADF2721E237EC300394E82 /* Build configuration list for PBXProject "MakeMeHandwriting" */;
			compatibilityVersion = "Xcode 3.2";
			developmentRegion = English;
			hasScannedForEncodings = 0;
			knownRegions = (
				en,
				Base,
			);
			mainGroup = 79ADF26E1E237EC300394E82;
			productRefGroup = 79ADF2781E237EC300394E82 /* Products */;
			projectDirPath = "";
			projectRoot = "";
			targets = (
				79ADF2761E237EC300394E82 /* MakeMeHandwriting */,
			);
		};
/* End PBXProject section */

/* Begin PBXResourcesBuildPhase section */
		79ADF2751E237EC300394E82 /* Resources */ = {
			isa = PBXResourcesBuildPhase;
			buildActionMask = 2147483647;
			files = (
				79ADF2881E237EC300394E82 /* LaunchScreen.storyboard in Resources */,
				79ADF2851E237EC300394E82 /* Assets.xcassets in Resources */,
				79ADF2801E237EC300394E82 /* Main.storyboard in Resources */,
			);
			runOnlyForDeploymentPostprocessing = 0;
		};
/* End PBXResourcesBuildPhase section */

/* Begin PBXShellScriptBuildPhase section */
		642DAEEC2FC8332B28D3F465 /* [CP] Check Pods Manifest.lock */ = {
			isa = PBXShellScriptBuildPhase;
			buildActionMask = 2147483647;
			files = (
			);
			inputPaths = (
			);
			name = "[CP] Check Pods Manifest.lock";
			outputPaths = (
			);
			runOnlyForDeploymentPostprocessing = 0;
			shellPath = /bin/sh;
			shellScript = "diff \"${PODS_ROOT}/../Podfile.lock\" \"${PODS_ROOT}/Manifest.lock\" > /dev/null\nif [ $? != 0 ] ; then\n    # print error to STDERR\n    echo \"error: The sandbox is not in sync with the Podfile.lock. Run 'pod install' or update your CocoaPods installation.\" >&2\n    exit 1\nfi\n";
			showEnvVarsInLog = 0;
		};
		CAB7FA094E400D4DDD1A7335 /* [CP] Copy Pods Resources */ = {
			isa = PBXShellScriptBuildPhase;
			buildActionMask = 2147483647;
			files = (
			);
			inputPaths = (
			);
			name = "[CP] Copy Pods Resources";
			outputPaths = (
			);
			runOnlyForDeploymentPostprocessing = 0;
			shellPath = /bin/sh;
			shellScript = "\"${SRCROOT}/Pods/Target Support Files/Pods-MakeMeHandwriting/Pods-MakeMeHandwriting-resources.sh\"\n";
			showEnvVarsInLog = 0;
		};
		FA1549AE4BEFAE6150AE0B50 /* [CP] Embed Pods Frameworks */ = {
			isa = PBXShellScriptBuildPhase;
			buildActionMask = 2147483647;
			files = (
			);
			inputPaths = (
			);
			name = "[CP] Embed Pods Frameworks";
			outputPaths = (
			);
			runOnlyForDeploymentPostprocessing = 0;
			shellPath = /bin/sh;
			shellScript = "\"${SRCROOT}/Pods/Target Support Files/Pods-MakeMeHandwriting/Pods-MakeMeHandwriting-frameworks.sh\"\n";
			showEnvVarsInLog = 0;
		};
/* End PBXShellScriptBuildPhase section */

/* Begin PBXSourcesBuildPhase section */
		79ADF2731E237EC300394E82 /* Sources */ = {
			isa = PBXSourcesBuildPhase;
			buildActionMask = 2147483647;
			files = (
				79ADF2831E237EC300394E82 /* MakeMeHandwriting.xcdatamodeld in Sources */,
				79ADF27D1E237EC300394E82 /* ViewController.swift in Sources */,
				79ADF27B1E237EC300394E82 /* AppDelegate.swift in Sources */,
			);
			runOnlyForDeploymentPostprocessing = 0;
		};
/* End PBXSourcesBuildPhase section */

/* Begin PBXVariantGroup section */
		79ADF27E1E237EC300394E82 /* Main.storyboard */ = {
			isa = PBXVariantGroup;
			children = (
				79ADF27F1E237EC300394E82 /* Base */,
			);
			name = Main.storyboard;
			sourceTree = "<group>";
		};
		79ADF2861E237EC300394E82 /* LaunchScreen.storyboard */ = {
			isa = PBXVariantGroup;
			children = (
				79ADF2871E237EC300394E82 /* Base */,
			);
			name = LaunchScreen.storyboard;
			sourceTree = "<group>";
		};
/* End PBXVariantGroup section */

/* Begin XCBuildConfiguration section */
		79ADF28A1E237EC300394E82 /* Debug */ = {
			isa = XCBuildConfiguration;
			buildSettings = {
				ALWAYS_SEARCH_USER_PATHS = NO;
				CLANG_ANALYZER_NONNULL = YES;
				CLANG_CXX_LANGUAGE_STANDARD = "gnu++0x";
				CLANG_CXX_LIBRARY = "libc++";
				CLANG_ENABLE_MODULES = YES;
				CLANG_ENABLE_OBJC_ARC = YES;
				CLANG_WARN_BOOL_CONVERSION = YES;
				CLANG_WARN_CONSTANT_CONVERSION = YES;
				CLANG_WARN_DIRECT_OBJC_ISA_USAGE = YES_ERROR;
				CLANG_WARN_DOCUMENTATION_COMMENTS = YES;
				CLANG_WARN_EMPTY_BODY = YES;
				CLANG_WARN_ENUM_CONVERSION = YES;
				CLANG_WARN_INFINITE_RECURSION = YES;
				CLANG_WARN_INT_CONVERSION = YES;
				CLANG_WARN_OBJC_ROOT_CLASS = YES_ERROR;
				CLANG_WARN_SUSPICIOUS_MOVE = YES;
				CLANG_WARN_UNREACHABLE_CODE = YES;
				CLANG_WARN__DUPLICATE_METHOD_MATCH = YES;
				"CODE_SIGN_IDENTITY[sdk=iphoneos*]" = "iPhone Developer";
				COPY_PHASE_STRIP = NO;
				DEBUG_INFORMATION_FORMAT = dwarf;
				ENABLE_STRICT_OBJC_MSGSEND = YES;
				ENABLE_TESTABILITY = YES;
				GCC_C_LANGUAGE_STANDARD = gnu99;
				GCC_DYNAMIC_NO_PIC = NO;
				GCC_NO_COMMON_BLOCKS = YES;
				GCC_OPTIMIZATION_LEVEL = 0;
				GCC_PREPROCESSOR_DEFINITIONS = (
					"DEBUG=1",
					"$(inherited)",
				);
				GCC_WARN_64_TO_32_BIT_CONVERSION = YES;
				GCC_WARN_ABOUT_RETURN_TYPE = YES_ERROR;
				GCC_WARN_UNDECLARED_SELECTOR = YES;
				GCC_WARN_UNINITIALIZED_AUTOS = YES_AGGRESSIVE;
				GCC_WARN_UNUSED_FUNCTION = YES;
				GCC_WARN_UNUSED_VARIABLE = YES;
				IPHONEOS_DEPLOYMENT_TARGET = 10.2;
				MTL_ENABLE_DEBUG_INFO = YES;
				ONLY_ACTIVE_ARCH = YES;
				SDKROOT = iphoneos;
				SWIFT_ACTIVE_COMPILATION_CONDITIONS = DEBUG;
				SWIFT_OPTIMIZATION_LEVEL = "-Onone";
			};
			name = Debug;
		};
		79ADF28B1E237EC300394E82 /* Release */ = {
			isa = XCBuildConfiguration;
			buildSettings = {
				ALWAYS_SEARCH_USER_PATHS = NO;
				CLANG_ANALYZER_NONNULL = YES;
				CLANG_CXX_LANGUAGE_STANDARD = "gnu++0x";
				CLANG_CXX_LIBRARY = "libc++";
				CLANG_ENABLE_MODULES = YES;
				CLANG_ENABLE_OBJC_ARC = YES;
				CLANG_WARN_BOOL_CONVERSION = YES;
				CLANG_WARN_CONSTANT_CONVERSION = YES;
				CLANG_WARN_DIRECT_OBJC_ISA_USAGE = YES_ERROR;
				CLANG_WARN_DOCUMENTATION_COMMENTS = YES;
				CLANG_WARN_EMPTY_BODY = YES;
				CLANG_WARN_ENUM_CONVERSION = YES;
				CLANG_WARN_INFINITE_RECURSION = YES;
				CLANG_WARN_INT_CONVERSION = YES;
				CLANG_WARN_OBJC_ROOT_CLASS = YES_ERROR;
				CLANG_WARN_SUSPICIOUS_MOVE = YES;
				CLANG_WARN_UNREACHABLE_CODE = YES;
				CLANG_WARN__DUPLICATE_METHOD_MATCH = YES;
				"CODE_SIGN_IDENTITY[sdk=iphoneos*]" = "iPhone Developer";
				COPY_PHASE_STRIP = NO;
				DEBUG_INFORMATION_FORMAT = "dwarf-with-dsym";
				ENABLE_NS_ASSERTIONS = NO;
				ENABLE_STRICT_OBJC_MSGSEND = YES;
				GCC_C_LANGUAGE_STANDARD = gnu99;
				GCC_NO_COMMON_BLOCKS = YES;
				GCC_WARN_64_TO_32_BIT_CONVERSION = YES;
				GCC_WARN_ABOUT_RETURN_TYPE = YES_ERROR;
				GCC_WARN_UNDECLARED_SELECTOR = YES;
				GCC_WARN_UNINITIALIZED_AUTOS = YES_AGGRESSIVE;
				GCC_WARN_UNUSED_FUNCTION = YES;
				GCC_WARN_UNUSED_VARIABLE = YES;
				IPHONEOS_DEPLOYMENT_TARGET = 10.2;
				MTL_ENABLE_DEBUG_INFO = NO;
				SDKROOT = iphoneos;
				SWIFT_OPTIMIZATION_LEVEL = "-Owholemodule";
				VALIDATE_PRODUCT = YES;
			};
			name = Release;
		};
		79ADF28D1E237EC300394E82 /* Debug */ = {
			isa = XCBuildConfiguration;
			baseConfigurationReference = D4BEE5FEDE8BAA7F0A306C23 /* Pods-MakeMeHandwriting.debug.xcconfig */;
			buildSettings = {
				ASSETCATALOG_COMPILER_APPICON_NAME = AppIcon;
				INFOPLIST_FILE = MakeMeHandwriting/Info.plist;
				LD_RUNPATH_SEARCH_PATHS = "$(inherited) @executable_path/Frameworks";
				PRODUCT_BUNDLE_IDENTIFIER = com.ahugon.MakeMeHandwriting;
				PRODUCT_NAME = "$(TARGET_NAME)";
				SWIFT_VERSION = 3.0;
			};
			name = Debug;
		};
		79ADF28E1E237EC300394E82 /* Release */ = {
			isa = XCBuildConfiguration;
			baseConfigurationReference = DCB14DA929705B88B91C3977 /* Pods-MakeMeHandwriting.release.xcconfig */;
			buildSettings = {
				ASSETCATALOG_COMPILER_APPICON_NAME = AppIcon;
				INFOPLIST_FILE = MakeMeHandwriting/Info.plist;
				LD_RUNPATH_SEARCH_PATHS = "$(inherited) @executable_path/Frameworks";
				PRODUCT_BUNDLE_IDENTIFIER = com.ahugon.MakeMeHandwriting;
				PRODUCT_NAME = "$(TARGET_NAME)";
				SWIFT_VERSION = 3.0;
			};
			name = Release;
		};
/* End XCBuildConfiguration section */

/* Begin XCConfigurationList section */
		79ADF2721E237EC300394E82 /* Build configuration list for PBXProject "MakeMeHandwriting" */ = {
			isa = XCConfigurationList;
			buildConfigurations = (
				79ADF28A1E237EC300394E82 /* Debug */,
				79ADF28B1E237EC300394E82 /* Release */,
			);
			defaultConfigurationIsVisible = 0;
			defaultConfigurationName = Release;
		};
		79ADF28C1E237EC300394E82 /* Build configuration list for PBXNativeTarget "MakeMeHandwriting" */ = {
			isa = XCConfigurationList;
			buildConfigurations = (
				79ADF28D1E237EC300394E82 /* Debug */,
				79ADF28E1E237EC300394E82 /* Release */,
			);
			defaultConfigurationIsVisible = 0;
		};
/* End XCConfigurationList section */

/* Begin XCVersionGroup section */
		79ADF2811E237EC300394E82 /* MakeMeHandwriting.xcdatamodeld */ = {
			isa = XCVersionGroup;
			children = (
				79ADF2821E237EC300394E82 /* MakeMeHandwriting.xcdatamodel */,
			);
			currentVersion = 79ADF2821E237EC300394E82 /* MakeMeHandwriting.xcdatamodel */;
			path = MakeMeHandwriting.xcdatamodeld;
			sourceTree = "<group>";
			versionGroupType = wrapper.xcdatamodel;
		};
/* End XCVersionGroup section */
	};
	rootObject = 79ADF26F1E237EC300394E82 /* Project object */;
}
